// !$*UTF8*$!
{
	archiveVersion = 1;
	classes = {
	};
	objectVersion = 50;
	objects = {

/* Begin PBXBuildFile section */
		3BD77F78215ADD9700FC686E /* AppDelegate.swift in Sources */ = {isa = PBXBuildFile; fileRef = 3BD77F77215ADD9700FC686E /* AppDelegate.swift */; };
		3BD77F7D215ADD9700FC686E /* Main.storyboard in Resources */ = {isa = PBXBuildFile; fileRef = 3BD77F7B215ADD9700FC686E /* Main.storyboard */; };
		3BD77F7F215ADD9800FC686E /* Assets.xcassets in Resources */ = {isa = PBXBuildFile; fileRef = 3BD77F7E215ADD9800FC686E /* Assets.xcassets */; };
		3BD77F82215ADD9800FC686E /* LaunchScreen.storyboard in Resources */ = {isa = PBXBuildFile; fileRef = 3BD77F80215ADD9800FC686E /* LaunchScreen.storyboard */; };
		3BD77F8C215ADDA100FC686E /* CloudKit.framework in Frameworks */ = {isa = PBXBuildFile; fileRef = 3BD77F8B215ADDA100FC686E /* CloudKit.framework */; };
		3BD77F95215AE0F200FC686E /* PostListTableViewController.swift in Sources */ = {isa = PBXBuildFile; fileRef = 3BD77F94215AE0F200FC686E /* PostListTableViewController.swift */; };
		3BD77F97215AE10900FC686E /* PostDetailTableViewController.swift in Sources */ = {isa = PBXBuildFile; fileRef = 3BD77F96215AE10900FC686E /* PostDetailTableViewController.swift */; };
		3BD77F99215AE29F00FC686E /* AddPostTableViewController.swift in Sources */ = {isa = PBXBuildFile; fileRef = 3BD77F98215AE29F00FC686E /* AddPostTableViewController.swift */; };
		3BD77F9B215AE45E00FC686E /* Post.swift in Sources */ = {isa = PBXBuildFile; fileRef = 3BD77F9A215AE45E00FC686E /* Post.swift */; };
		3BD77F9D215AE8DA00FC686E /* PostController.swift in Sources */ = {isa = PBXBuildFile; fileRef = 3BD77F9C215AE8DA00FC686E /* PostController.swift */; };
		3BD77F9F215AF93B00FC686E /* PostTableViewCell.swift in Sources */ = {isa = PBXBuildFile; fileRef = 3BD77F9E215AF93B00FC686E /* PostTableViewCell.swift */; };
		3BD77FA1215AF97300FC686E /* DateFormater.swift in Sources */ = {isa = PBXBuildFile; fileRef = 3BD77FA0215AF97300FC686E /* DateFormater.swift */; };
/* End PBXBuildFile section */

/* Begin PBXFileReference section */
		3BD77F74215ADD9700FC686E /* TimeLine.app */ = {isa = PBXFileReference; explicitFileType = wrapper.application; includeInIndex = 0; path = TimeLine.app; sourceTree = BUILT_PRODUCTS_DIR; };
		3BD77F77215ADD9700FC686E /* AppDelegate.swift */ = {isa = PBXFileReference; lastKnownFileType = sourcecode.swift; path = AppDelegate.swift; sourceTree = "<group>"; };
		3BD77F7C215ADD9700FC686E /* Base */ = {isa = PBXFileReference; lastKnownFileType = file.storyboard; name = Base; path = Base.lproj/Main.storyboard; sourceTree = "<group>"; };
		3BD77F7E215ADD9800FC686E /* Assets.xcassets */ = {isa = PBXFileReference; lastKnownFileType = folder.assetcatalog; path = Assets.xcassets; sourceTree = "<group>"; };
		3BD77F81215ADD9800FC686E /* Base */ = {isa = PBXFileReference; lastKnownFileType = file.storyboard; name = Base; path = Base.lproj/LaunchScreen.storyboard; sourceTree = "<group>"; };
		3BD77F83215ADD9800FC686E /* Info.plist */ = {isa = PBXFileReference; lastKnownFileType = text.plist.xml; path = Info.plist; sourceTree = "<group>"; };
		3BD77F89215ADD9F00FC686E /* TimeLine.entitlements */ = {isa = PBXFileReference; lastKnownFileType = text.plist.entitlements; path = TimeLine.entitlements; sourceTree = "<group>"; };
		3BD77F8B215ADDA100FC686E /* CloudKit.framework */ = {isa = PBXFileReference; lastKnownFileType = wrapper.framework; name = CloudKit.framework; path = System/Library/Frameworks/CloudKit.framework; sourceTree = SDKROOT; };
		3BD77F94215AE0F200FC686E /* PostListTableViewController.swift */ = {isa = PBXFileReference; lastKnownFileType = sourcecode.swift; path = PostListTableViewController.swift; sourceTree = "<group>"; };
		3BD77F96215AE10900FC686E /* PostDetailTableViewController.swift */ = {isa = PBXFileReference; lastKnownFileType = sourcecode.swift; path = PostDetailTableViewController.swift; sourceTree = "<group>"; };
		3BD77F98215AE29F00FC686E /* AddPostTableViewController.swift */ = {isa = PBXFileReference; lastKnownFileType = sourcecode.swift; path = AddPostTableViewController.swift; sourceTree = "<group>"; };
		3BD77F9A215AE45E00FC686E /* Post.swift */ = {isa = PBXFileReference; lastKnownFileType = sourcecode.swift; path = Post.swift; sourceTree = "<group>"; };
		3BD77F9C215AE8DA00FC686E /* PostController.swift */ = {isa = PBXFileReference; lastKnownFileType = sourcecode.swift; path = PostController.swift; sourceTree = "<group>"; };
		3BD77F9E215AF93B00FC686E /* PostTableViewCell.swift */ = {isa = PBXFileReference; lastKnownFileType = sourcecode.swift; path = PostTableViewCell.swift; sourceTree = "<group>"; };
		3BD77FA0215AF97300FC686E /* DateFormater.swift */ = {isa = PBXFileReference; lastKnownFileType = sourcecode.swift; path = DateFormater.swift; sourceTree = "<group>"; };
/* End PBXFileReference section */

/* Begin PBXFrameworksBuildPhase section */
		3BD77F71215ADD9700FC686E /* Frameworks */ = {
			isa = PBXFrameworksBuildPhase;
			buildActionMask = 2147483647;
			files = (
				3BD77F8C215ADDA100FC686E /* CloudKit.framework in Frameworks */,
			);
			runOnlyForDeploymentPostprocessing = 0;
		};
/* End PBXFrameworksBuildPhase section */

/* Begin PBXGroup section */
		3BD77F6B215ADD9700FC686E = {
			isa = PBXGroup;
			children = (
				3BD77F76215ADD9700FC686E /* TimeLine */,
				3BD77F75215ADD9700FC686E /* Products */,
				3BD77F8A215ADDA100FC686E /* Frameworks */,
			);
			sourceTree = "<group>";
		};
		3BD77F75215ADD9700FC686E /* Products */ = {
			isa = PBXGroup;
			children = (
				3BD77F74215ADD9700FC686E /* TimeLine.app */,
			);
			name = Products;
			sourceTree = "<group>";
		};
		3BD77F76215ADD9700FC686E /* TimeLine */ = {
			isa = PBXGroup;
			children = (
				3BD77F89215ADD9F00FC686E /* TimeLine.entitlements */,
				3BD77F91215ADE0C00FC686E /* Model */,
				3BD77F93215ADE1C00FC686E /* ModelController */,
				3BD77F90215ADE0400FC686E /* Views */,
				3BD77F8F215ADDF000FC686E /* ViewControllers */,
				3BD77F8E215ADDDE00FC686E /* StoryBoards */,
				3BD77F92215ADE1200FC686E /* Helpers */,
				3BD77F8D215ADDC300FC686E /* Recources */,
			);
			path = TimeLine;
			sourceTree = "<group>";
		};
		3BD77F8A215ADDA100FC686E /* Frameworks */ = {
			isa = PBXGroup;
			children = (
				3BD77F8B215ADDA100FC686E /* CloudKit.framework */,
			);
			name = Frameworks;
			sourceTree = "<group>";
		};
		3BD77F8D215ADDC300FC686E /* Recources */ = {
			isa = PBXGroup;
			children = (
				3BD77F77215ADD9700FC686E /* AppDelegate.swift */,
				3BD77F7E215ADD9800FC686E /* Assets.xcassets */,
				3BD77F83215ADD9800FC686E /* Info.plist */,
			);
			path = Recources;
			sourceTree = "<group>";
		};
		3BD77F8E215ADDDE00FC686E /* StoryBoards */ = {
			isa = PBXGroup;
			children = (
				3BD77F7B215ADD9700FC686E /* Main.storyboard */,
				3BD77F80215ADD9800FC686E /* LaunchScreen.storyboard */,
			);
			path = StoryBoards;
			sourceTree = "<group>";
		};
		3BD77F8F215ADDF000FC686E /* ViewControllers */ = {
			isa = PBXGroup;
			children = (
				3BD77F94215AE0F200FC686E /* PostListTableViewController.swift */,
				3BD77F96215AE10900FC686E /* PostDetailTableViewController.swift */,
				3BD77F98215AE29F00FC686E /* AddPostTableViewController.swift */,
			);
			path = ViewControllers;
			sourceTree = "<group>";
		};
		3BD77F90215ADE0400FC686E /* Views */ = {
			isa = PBXGroup;
			children = (
				3BD77F9E215AF93B00FC686E /* PostTableViewCell.swift */,
			);
			path = Views;
			sourceTree = "<group>";
		};
		3BD77F91215ADE0C00FC686E /* Model */ = {
			isa = PBXGroup;
			children = (
				3BD77F9A215AE45E00FC686E /* Post.swift */,
			);
			path = Model;
			sourceTree = "<group>";
		};
		3BD77F92215ADE1200FC686E /* Helpers */ = {
			isa = PBXGroup;
			children = (
				3BD77FA0215AF97300FC686E /* DateFormater.swift */,
			);
			path = Helpers;
			sourceTree = "<group>";
		};
		3BD77F93215ADE1C00FC686E /* ModelController */ = {
			isa = PBXGroup;
			children = (
				3BD77F9C215AE8DA00FC686E /* PostController.swift */,
			);
			path = ModelController;
			sourceTree = "<group>";
		};
/* End PBXGroup section */

/* Begin PBXNativeTarget section */
		3BD77F73215ADD9700FC686E /* TimeLine */ = {
			isa = PBXNativeTarget;
			buildConfigurationList = 3BD77F86215ADD9800FC686E /* Build configuration list for PBXNativeTarget "TimeLine" */;
			buildPhases = (
				3BD77F70215ADD9700FC686E /* Sources */,
				3BD77F71215ADD9700FC686E /* Frameworks */,
				3BD77F72215ADD9700FC686E /* Resources */,
			);
			buildRules = (
			);
			dependencies = (
			);
			name = TimeLine;
			productName = TimeLine;
			productReference = 3BD77F74215ADD9700FC686E /* TimeLine.app */;
			productType = "com.apple.product-type.application";
		};
/* End PBXNativeTarget section */

/* Begin PBXProject section */
		3BD77F6C215ADD9700FC686E /* Project object */ = {
			isa = PBXProject;
			attributes = {
				LastSwiftUpdateCheck = 1000;
				LastUpgradeCheck = 1000;
				ORGANIZATIONNAME = "Kamil Wrobel";
				TargetAttributes = {
					3BD77F73215ADD9700FC686E = {
						CreatedOnToolsVersion = 10.0;
						SystemCapabilities = {
							com.apple.BackgroundModes = {
								enabled = 1;
							};
							com.apple.Push = {
								enabled = 1;
							};
							com.apple.iCloud = {
								enabled = 1;
							};
						};
					};
				};
			};
			buildConfigurationList = 3BD77F6F215ADD9700FC686E /* Build configuration list for PBXProject "TimeLine" */;
			compatibilityVersion = "Xcode 9.3";
			developmentRegion = en;
			hasScannedForEncodings = 0;
			knownRegions = (
				en,
				Base,
			);
			mainGroup = 3BD77F6B215ADD9700FC686E;
			productRefGroup = 3BD77F75215ADD9700FC686E /* Products */;
			projectDirPath = "";
			projectRoot = "";
			targets = (
				3BD77F73215ADD9700FC686E /* TimeLine */,
			);
		};
/* End PBXProject section */

/* Begin PBXResourcesBuildPhase section */
		3BD77F72215ADD9700FC686E /* Resources */ = {
			isa = PBXResourcesBuildPhase;
			buildActionMask = 2147483647;
			files = (
				3BD77F82215ADD9800FC686E /* LaunchScreen.storyboard in Resources */,
				3BD77F7F215ADD9800FC686E /* Assets.xcassets in Resources */,
				3BD77F7D215ADD9700FC686E /* Main.storyboard in Resources */,
			);
			runOnlyForDeploymentPostprocessing = 0;
		};
/* End PBXResourcesBuildPhase section */

/* Begin PBXSourcesBuildPhase section */
		3BD77F70215ADD9700FC686E /* Sources */ = {
			isa = PBXSourcesBuildPhase;
			buildActionMask = 2147483647;
			files = (
				3BD77F9F215AF93B00FC686E /* PostTableViewCell.swift in Sources */,
				3BD77F78215ADD9700FC686E /* AppDelegate.swift in Sources */,
				3BD77F95215AE0F200FC686E /* PostListTableViewController.swift in Sources */,
				3BD77FA1215AF97300FC686E /* DateFormater.swift in Sources */,
				3BD77F99215AE29F00FC686E /* AddPostTableViewController.swift in Sources */,
				3BD77F97215AE10900FC686E /* PostDetailTableViewController.swift in Sources */,
				3BD77F9B215AE45E00FC686E /* Post.swift in Sources */,
				3BD77F9D215AE8DA00FC686E /* PostController.swift in Sources */,
			);
			runOnlyForDeploymentPostprocessing = 0;
		};
/* End PBXSourcesBuildPhase section */

/* Begin PBXVariantGroup section */
		3BD77F7B215ADD9700FC686E /* Main.storyboard */ = {
			isa = PBXVariantGroup;
			children = (
				3BD77F7C215ADD9700FC686E /* Base */,
			);
			name = Main.storyboard;
			sourceTree = "<group>";
		};
		3BD77F80215ADD9800FC686E /* LaunchScreen.storyboard */ = {
			isa = PBXVariantGroup;
			children = (
				3BD77F81215ADD9800FC686E /* Base */,
			);
			name = LaunchScreen.storyboard;
			sourceTree = "<group>";
		};
/* End PBXVariantGroup section */

/* Begin XCBuildConfiguration section */
		3BD77F84215ADD9800FC686E /* Debug */ = {
			isa = XCBuildConfiguration;
			buildSettings = {
				ALWAYS_SEARCH_USER_PATHS = NO;
				CLANG_ANALYZER_NONNULL = YES;
				CLANG_ANALYZER_NUMBER_OBJECT_CONVERSION = YES_AGGRESSIVE;
				CLANG_CXX_LANGUAGE_STANDARD = "gnu++14";
				CLANG_CXX_LIBRARY = "libc++";
				CLANG_ENABLE_MODULES = YES;
				CLANG_ENABLE_OBJC_ARC = YES;
				CLANG_ENABLE_OBJC_WEAK = YES;
				CLANG_WARN_BLOCK_CAPTURE_AUTORELEASING = YES;
				CLANG_WARN_BOOL_CONVERSION = YES;
				CLANG_WARN_COMMA = YES;
				CLANG_WARN_CONSTANT_CONVERSION = YES;
				CLANG_WARN_DEPRECATED_OBJC_IMPLEMENTATIONS = YES;
				CLANG_WARN_DIRECT_OBJC_ISA_USAGE = YES_ERROR;
				CLANG_WARN_DOCUMENTATION_COMMENTS = YES;
				CLANG_WARN_EMPTY_BODY = YES;
				CLANG_WARN_ENUM_CONVERSION = YES;
				CLANG_WARN_INFINITE_RECURSION = YES;
				CLANG_WARN_INT_CONVERSION = YES;
				CLANG_WARN_NON_LITERAL_NULL_CONVERSION = YES;
				CLANG_WARN_OBJC_IMPLICIT_RETAIN_SELF = YES;
				CLANG_WARN_OBJC_LITERAL_CONVERSION = YES;
				CLANG_WARN_OBJC_ROOT_CLASS = YES_ERROR;
				CLANG_WARN_RANGE_LOOP_ANALYSIS = YES;
				CLANG_WARN_STRICT_PROTOTYPES = YES;
				CLANG_WARN_SUSPICIOUS_MOVE = YES;
				CLANG_WARN_UNGUARDED_AVAILABILITY = YES_AGGRESSIVE;
				CLANG_WARN_UNREACHABLE_CODE = YES;
				CLANG_WARN__DUPLICATE_METHOD_MATCH = YES;
				CODE_SIGN_IDENTITY = "iPhone Developer";
				COPY_PHASE_STRIP = NO;
				DEBUG_INFORMATION_FORMAT = dwarf;
				ENABLE_STRICT_OBJC_MSGSEND = YES;
				ENABLE_TESTABILITY = YES;
				GCC_C_LANGUAGE_STANDARD = gnu11;
				GCC_DYNAMIC_NO_PIC = NO;
				GCC_NO_COMMON_BLOCKS = YES;
				GCC_OPTIMIZATION_LEVEL = 0;
				GCC_PREPROCESSOR_DEFINITIONS = (
					"DEBUG=1",
					"$(inherited)",
				);
				GCC_WARN_64_TO_32_BIT_CONVERSION = YES;
				GCC_WARN_ABOUT_RETURN_TYPE = YES_ERROR;
				GCC_WARN_UNDECLARED_SELECTOR = YES;
				GCC_WARN_UNINITIALIZED_AUTOS = YES_AGGRESSIVE;
				GCC_WARN_UNUSED_FUNCTION = YES;
				GCC_WARN_UNUSED_VARIABLE = YES;
				IPHONEOS_DEPLOYMENT_TARGET = 12.0;
				MTL_ENABLE_DEBUG_INFO = INCLUDE_SOURCE;
				MTL_FAST_MATH = YES;
				ONLY_ACTIVE_ARCH = YES;
				SDKROOT = iphoneos;
				SWIFT_ACTIVE_COMPILATION_CONDITIONS = DEBUG;
				SWIFT_OPTIMIZATION_LEVEL = "-Onone";
			};
			name = Debug;
		};
		3BD77F85215ADD9800FC686E /* Release */ = {
			isa = XCBuildConfiguration;
			buildSettings = {
				ALWAYS_SEARCH_USER_PATHS = NO;
				CLANG_ANALYZER_NONNULL = YES;
				CLANG_ANALYZER_NUMBER_OBJECT_CONVERSION = YES_AGGRESSIVE;
				CLANG_CXX_LANGUAGE_STANDARD = "gnu++14";
				CLANG_CXX_LIBRARY = "libc++";
				CLANG_ENABLE_MODULES = YES;
				CLANG_ENABLE_OBJC_ARC = YES;
				CLANG_ENABLE_OBJC_WEAK = YES;
				CLANG_WARN_BLOCK_CAPTURE_AUTORELEASING = YES;
				CLANG_WARN_BOOL_CONVERSION = YES;
				CLANG_WARN_COMMA = YES;
				CLANG_WARN_CONSTANT_CONVERSION = YES;
				CLANG_WARN_DEPRECATED_OBJC_IMPLEMENTATIONS = YES;
				CLANG_WARN_DIRECT_OBJC_ISA_USAGE = YES_ERROR;
				CLANG_WARN_DOCUMENTATION_COMMENTS = YES;
				CLANG_WARN_EMPTY_BODY = YES;
				CLANG_WARN_ENUM_CONVERSION = YES;
				CLANG_WARN_INFINITE_RECURSION = YES;
				CLANG_WARN_INT_CONVERSION = YES;
				CLANG_WARN_NON_LITERAL_NULL_CONVERSION = YES;
				CLANG_WARN_OBJC_IMPLICIT_RETAIN_SELF = YES;
				CLANG_WARN_OBJC_LITERAL_CONVERSION = YES;
				CLANG_WARN_OBJC_ROOT_CLASS = YES_ERROR;
				CLANG_WARN_RANGE_LOOP_ANALYSIS = YES;
				CLANG_WARN_STRICT_PROTOTYPES = YES;
				CLANG_WARN_SUSPICIOUS_MOVE = YES;
				CLANG_WARN_UNGUARDED_AVAILABILITY = YES_AGGRESSIVE;
				CLANG_WARN_UNREACHABLE_CODE = YES;
				CLANG_WARN__DUPLICATE_METHOD_MATCH = YES;
				CODE_SIGN_IDENTITY = "iPhone Developer";
				COPY_PHASE_STRIP = NO;
				DEBUG_INFORMATION_FORMAT = "dwarf-with-dsym";
				ENABLE_NS_ASSERTIONS = NO;
				ENABLE_STRICT_OBJC_MSGSEND = YES;
				GCC_C_LANGUAGE_STANDARD = gnu11;
				GCC_NO_COMMON_BLOCKS = YES;
				GCC_WARN_64_TO_32_BIT_CONVERSION = YES;
				GCC_WARN_ABOUT_RETURN_TYPE = YES_ERROR;
				GCC_WARN_UNDECLARED_SELECTOR = YES;
				GCC_WARN_UNINITIALIZED_AUTOS = YES_AGGRESSIVE;
				GCC_WARN_UNUSED_FUNCTION = YES;
				GCC_WARN_UNUSED_VARIABLE = YES;
				IPHONEOS_DEPLOYMENT_TARGET = 12.0;
				MTL_ENABLE_DEBUG_INFO = NO;
				MTL_FAST_MATH = YES;
				SDKROOT = iphoneos;
				SWIFT_COMPILATION_MODE = wholemodule;
				SWIFT_OPTIMIZATION_LEVEL = "-O";
				VALIDATE_PRODUCT = YES;
			};
			name = Release;
		};
		3BD77F87215ADD9800FC686E /* Debug */ = {
			isa = XCBuildConfiguration;
			buildSettings = {
				ASSETCATALOG_COMPILER_APPICON_NAME = AppIcon;
				CODE_SIGN_ENTITLEMENTS = TimeLine/TimeLine.entitlements;
				CODE_SIGN_STYLE = Automatic;
				DEVELOPMENT_TEAM = 5EAUJPVR66;
				INFOPLIST_FILE = "$(SRCROOT)/TimeLine/Recources/Info.plist";
				LD_RUNPATH_SEARCH_PATHS = (
					"$(inherited)",
					"@executable_path/Frameworks",
				);
				PRODUCT_BUNDLE_IDENTIFIER = com.xwrobelekx.TimeLine;
				PRODUCT_NAME = "$(TARGET_NAME)";
				SWIFT_VERSION = 4.2;
				TARGETED_DEVICE_FAMILY = "1,2";
			};
			name = Debug;
		};
		3BD77F88215ADD9800FC686E /* Release */ = {
			isa = XCBuildConfiguration;
			buildSettings = {
				ASSETCATALOG_COMPILER_APPICON_NAME = AppIcon;
				CODE_SIGN_ENTITLEMENTS = TimeLine/TimeLine.entitlements;
				CODE_SIGN_STYLE = Automatic;
				DEVELOPMENT_TEAM = 5EAUJPVR66;
				INFOPLIST_FILE = "$(SRCROOT)/TimeLine/Recources/Info.plist";
				LD_RUNPATH_SEARCH_PATHS = (
					"$(inherited)",
					"@executable_path/Frameworks",
				);
				PRODUCT_BUNDLE_IDENTIFIER = com.xwrobelekx.TimeLine;
				PRODUCT_NAME = "$(TARGET_NAME)";
				SWIFT_VERSION = 4.2;
				TARGETED_DEVICE_FAMILY = "1,2";
			};
			name = Release;
		};
/* End XCBuildConfiguration section */

/* Begin XCConfigurationList section */
		3BD77F6F215ADD9700FC686E /* Build configuration list for PBXProject "TimeLine" */ = {
			isa = XCConfigurationList;
			buildConfigurations = (
				3BD77F84215ADD9800FC686E /* Debug */,
				3BD77F85215ADD9800FC686E /* Release */,
			);
			defaultConfigurationIsVisible = 0;
			defaultConfigurationName = Release;
		};
		3BD77F86215ADD9800FC686E /* Build configuration list for PBXNativeTarget "TimeLine" */ = {
			isa = XCConfigurationList;
			buildConfigurations = (
				3BD77F87215ADD9800FC686E /* Debug */,
				3BD77F88215ADD9800FC686E /* Release */,
			);
			defaultConfigurationIsVisible = 0;
			defaultConfigurationName = Release;
		};
/* End XCConfigurationList section */
	};
	rootObject = 3BD77F6C215ADD9700FC686E /* Project object */;
}
